
Microsoft Visual Studio Solution File, Format Version 12.00
# Visual Studio Version 17
VisualStudioVersion = 17.1.32328.378
MinimumVisualStudioVersion = 10.0.40219.1
Project("{9A19103F-16F7-4668-BE54-9A1E7A4F7556}") = "SamuraiApp.Domain", "SamuraiApp.Domain\SamuraiApp.Domain.csproj", "{7928C6F9-421A-445C-A776-6FB0F4CB1B87}"
EndProject
Project("{9A19103F-16F7-4668-BE54-9A1E7A4F7556}") = "SamuraiApp.Data", "SamuraiApp.Data\SamuraiApp.Data.csproj", "{33961EA9-E7C6-45AA-974F-376575FE5925}"
EndProject
Project("{9A19103F-16F7-4668-BE54-9A1E7A4F7556}") = "SamuraiApp.UI", "SamuraiApp.UI\SamuraiApp.UI.csproj", "{715503DD-B493-48BA-BF04-2596B4464007}"
EndProject
Project("{9A19103F-16F7-4668-BE54-9A1E7A4F7556}") = "SamuraiApp.Test", "SamuraiApp.Test\SamuraiApp.Test.csproj", "{30346668-54BC-4DD1-B384-E9C60333302C}"
EndProject
Project("{9A19103F-16F7-4668-BE54-9A1E7A4F7556}") = "SamuraiApp.API", "SamuraiApp.API\SamuraiApp.API.csproj", "{C7B0DA56-D9F8-4E39-8721-6503E9F2F571}"
EndProject
Global
	GlobalSection(SolutionConfigurationPlatforms) = preSolution
		Debug|Any CPU = Debug|Any CPU
		Debug|ARM = Debug|ARM
		Debug|ARM64 = Debug|ARM64
		Debug|x64 = Debug|x64
		Debug|x86 = Debug|x86
		Release|Any CPU = Release|Any CPU
		Release|ARM = Release|ARM
		Release|ARM64 = Release|ARM64
		Release|x64 = Release|x64
		Release|x86 = Release|x86
	EndGlobalSection
	GlobalSection(ProjectConfigurationPlatforms) = postSolution
		{7928C6F9-421A-445C-A776-6FB0F4CB1B87}.Debug|Any CPU.ActiveCfg = Debug|Any CPU
		{7928C6F9-421A-445C-A776-6FB0F4CB1B87}.Debug|Any CPU.Build.0 = Debug|Any CPU
		{7928C6F9-421A-445C-A776-6FB0F4CB1B87}.Debug|ARM.ActiveCfg = Debug|Any CPU
		{7928C6F9-421A-445C-A776-6FB0F4CB1B87}.Debug|ARM.Build.0 = Debug|Any CPU
		{7928C6F9-421A-445C-A776-6FB0F4CB1B87}.Debug|ARM64.ActiveCfg = Debug|Any CPU
		{7928C6F9-421A-445C-A776-6FB0F4CB1B87}.Debug|ARM64.Build.0 = Debug|Any CPU
		{7928C6F9-421A-445C-A776-6FB0F4CB1B87}.Debug|x64.ActiveCfg = Debug|Any CPU
		{7928C6F9-421A-445C-A776-6FB0F4CB1B87}.Debug|x64.Build.0 = Debug|Any CPU
		{7928C6F9-421A-445C-A776-6FB0F4CB1B87}.Debug|x86.ActiveCfg = Debug|Any CPU
		{7928C6F9-421A-445C-A776-6FB0F4CB1B87}.Debug|x86.Build.0 = Debug|Any CPU
		{7928C6F9-421A-445C-A776-6FB0F4CB1B87}.Release|Any CPU.ActiveCfg = Release|Any CPU
		{7928C6F9-421A-445C-A776-6FB0F4CB1B87}.Release|Any CPU.Build.0 = Release|Any CPU
		{7928C6F9-421A-445C-A776-6FB0F4CB1B87}.Release|ARM.ActiveCfg = Release|Any CPU
		{7928C6F9-421A-445C-A776-6FB0F4CB1B87}.Release|ARM.Build.0 = Release|Any CPU
		{7928C6F9-421A-445C-A776-6FB0F4CB1B87}.Release|ARM64.ActiveCfg = Release|Any CPU
		{7928C6F9-421A-445C-A776-6FB0F4CB1B87}.Release|ARM64.Build.0 = Release|Any CPU
		{7928C6F9-421A-445C-A776-6FB0F4CB1B87}.Release|x64.ActiveCfg = Release|Any CPU
		{7928C6F9-421A-445C-A776-6FB0F4CB1B87}.Release|x64.Build.0 = Release|Any CPU
		{7928C6F9-421A-445C-A776-6FB0F4CB1B87}.Release|x86.ActiveCfg = Release|Any CPU
		{7928C6F9-421A-445C-A776-6FB0F4CB1B87}.Release|x86.Build.0 = Release|Any CPU
		{33961EA9-E7C6-45AA-974F-376575FE5925}.Debug|Any CPU.ActiveCfg = Debug|Any CPU
		{33961EA9-E7C6-45AA-974F-376575FE5925}.Debug|Any CPU.Build.0 = Debug|Any CPU
		{33961EA9-E7C6-45AA-974F-376575FE5925}.Debug|ARM.ActiveCfg = Debug|Any CPU
		{33961EA9-E7C6-45AA-974F-376575FE5925}.Debug|ARM.Build.0 = Debug|Any CPU
		{33961EA9-E7C6-45AA-974F-376575FE5925}.Debug|ARM64.ActiveCfg = Debug|Any CPU
		{33961EA9-E7C6-45AA-974F-376575FE5925}.Debug|ARM64.Build.0 = Debug|Any CPU
		{33961EA9-E7C6-45AA-974F-376575FE5925}.Debug|x64.ActiveCfg = Debug|Any CPU
		{33961EA9-E7C6-45AA-974F-376575FE5925}.Debug|x64.Build.0 = Debug|Any CPU
		{33961EA9-E7C6-45AA-974F-376575FE5925}.Debug|x86.ActiveCfg = Debug|Any CPU
		{33961EA9-E7C6-45AA-974F-376575FE5925}.Debug|x86.Build.0 = Debug|Any CPU
		{33961EA9-E7C6-45AA-974F-376575FE5925}.Release|Any CPU.ActiveCfg = Release|Any CPU
		{33961EA9-E7C6-45AA-974F-376575FE5925}.Release|Any CPU.Build.0 = Release|Any CPU
		{33961EA9-E7C6-45AA-974F-376575FE5925}.Release|ARM.ActiveCfg = Release|Any CPU
		{33961EA9-E7C6-45AA-974F-376575FE5925}.Release|ARM.Build.0 = Release|Any CPU
		{33961EA9-E7C6-45AA-974F-376575FE5925}.Release|ARM64.ActiveCfg = Release|Any CPU
		{33961EA9-E7C6-45AA-974F-376575FE5925}.Release|ARM64.Build.0 = Release|Any CPU
		{33961EA9-E7C6-45AA-974F-376575FE5925}.Release|x64.ActiveCfg = Release|Any CPU
		{33961EA9-E7C6-45AA-974F-376575FE5925}.Release|x64.Build.0 = Release|Any CPU
		{33961EA9-E7C6-45AA-974F-376575FE5925}.Release|x86.ActiveCfg = Release|Any CPU
		{33961EA9-E7C6-45AA-974F-376575FE5925}.Release|x86.Build.0 = Release|Any CPU
		{715503DD-B493-48BA-BF04-2596B4464007}.Debug|Any CPU.ActiveCfg = Debug|Any CPU
		{715503DD-B493-48BA-BF04-2596B4464007}.Debug|Any CPU.Build.0 = Debug|Any CPU
		{715503DD-B493-48BA-BF04-2596B4464007}.Debug|ARM.ActiveCfg = Debug|Any CPU
		{715503DD-B493-48BA-BF04-2596B4464007}.Debug|ARM.Build.0 = Debug|Any CPU
		{715503DD-B493-48BA-BF04-2596B4464007}.Debug|ARM64.ActiveCfg = Debug|Any CPU
		{715503DD-B493-48BA-BF04-2596B4464007}.Debug|ARM64.Build.0 = Debug|Any CPU
		{715503DD-B493-48BA-BF04-2596B4464007}.Debug|x64.ActiveCfg = Debug|Any CPU
		{715503DD-B493-48BA-BF04-2596B4464007}.Debug|x64.Build.0 = Debug|Any CPU
		{715503DD-B493-48BA-BF04-2596B4464007}.Debug|x86.ActiveCfg = Debug|Any CPU
		{715503DD-B493-48BA-BF04-2596B4464007}.Debug|x86.Build.0 = Debug|Any CPU
		{715503DD-B493-48BA-BF04-2596B4464007}.Release|Any CPU.ActiveCfg = Release|Any CPU
		{715503DD-B493-48BA-BF04-2596B4464007}.Release|Any CPU.Build.0 = Release|Any CPU
		{715503DD-B493-48BA-BF04-2596B4464007}.Release|ARM.ActiveCfg = Release|Any CPU
		{715503DD-B493-48BA-BF04-2596B4464007}.Release|ARM.Build.0 = Release|Any CPU
		{715503DD-B493-48BA-BF04-2596B4464007}.Release|ARM64.ActiveCfg = Release|Any CPU
		{715503DD-B493-48BA-BF04-2596B4464007}.Release|ARM64.Build.0 = Release|Any CPU
		{715503DD-B493-48BA-BF04-2596B4464007}.Release|x64.ActiveCfg = Release|Any CPU
		{715503DD-B493-48BA-BF04-2596B4464007}.Release|x64.Build.0 = Release|Any CPU
		{715503DD-B493-48BA-BF04-2596B4464007}.Release|x86.ActiveCfg = Release|Any CPU
		{715503DD-B493-48BA-BF04-2596B4464007}.Release|x86.Build.0 = Release|Any CPU
		{30346668-54BC-4DD1-B384-E9C60333302C}.Debug|Any CPU.ActiveCfg = Debug|Any CPU
		{30346668-54BC-4DD1-B384-E9C60333302C}.Debug|Any CPU.Build.0 = Debug|Any CPU
		{30346668-54BC-4DD1-B384-E9C60333302C}.Debug|ARM.ActiveCfg = Debug|Any CPU
		{30346668-54BC-4DD1-B384-E9C60333302C}.Debug|ARM.Build.0 = Debug|Any CPU
		{30346668-54BC-4DD1-B384-E9C60333302C}.Debug|ARM64.ActiveCfg = Debug|Any CPU
		{30346668-54BC-4DD1-B384-E9C60333302C}.Debug|ARM64.Build.0 = Debug|Any CPU
		{30346668-54BC-4DD1-B384-E9C60333302C}.Debug|x64.ActiveCfg = Debug|Any CPU
		{30346668-54BC-4DD1-B384-E9C60333302C}.Debug|x64.Build.0 = Debug|Any CPU
		{30346668-54BC-4DD1-B384-E9C60333302C}.Debug|x86.ActiveCfg = Debug|Any CPU
		{30346668-54BC-4DD1-B384-E9C60333302C}.Debug|x86.Build.0 = Debug|Any CPU
		{30346668-54BC-4DD1-B384-E9C60333302C}.Release|Any CPU.ActiveCfg = Release|Any CPU
		{30346668-54BC-4DD1-B384-E9C60333302C}.Release|Any CPU.Build.0 = Release|Any CPU
		{30346668-54BC-4DD1-B384-E9C60333302C}.Release|ARM.ActiveCfg = Release|Any CPU
		{30346668-54BC-4DD1-B384-E9C60333302C}.Release|ARM.Build.0 = Release|Any CPU
		{30346668-54BC-4DD1-B384-E9C60333302C}.Release|ARM64.ActiveCfg = Release|Any CPU
		{30346668-54BC-4DD1-B384-E9C60333302C}.Release|ARM64.Build.0 = Release|Any CPU
		{30346668-54BC-4DD1-B384-E9C60333302C}.Release|x64.ActiveCfg = Release|Any CPU
		{30346668-54BC-4DD1-B384-E9C60333302C}.Release|x64.Build.0 = Release|Any CPU
		{30346668-54BC-4DD1-B384-E9C60333302C}.Release|x86.ActiveCfg = Release|Any CPU
		{30346668-54BC-4DD1-B384-E9C60333302C}.Release|x86.Build.0 = Release|Any CPU
		{C7B0DA56-D9F8-4E39-8721-6503E9F2F571}.Debug|Any CPU.ActiveCfg = Debug|Any CPU
		{C7B0DA56-D9F8-4E39-8721-6503E9F2F571}.Debug|Any CPU.Build.0 = Debug|Any CPU
		{C7B0DA56-D9F8-4E39-8721-6503E9F2F571}.Debug|ARM.ActiveCfg = Debug|Any CPU
		{C7B0DA56-D9F8-4E39-8721-6503E9F2F571}.Debug|ARM.Build.0 = Debug|Any CPU
		{C7B0DA56-D9F8-4E39-8721-6503E9F2F571}.Debug|ARM64.ActiveCfg = Debug|Any CPU
		{C7B0DA56-D9F8-4E39-8721-6503E9F2F571}.Debug|ARM64.Build.0 = Debug|Any CPU
		{C7B0DA56-D9F8-4E39-8721-6503E9F2F571}.Debug|x64.ActiveCfg = Debug|Any CPU
		{C7B0DA56-D9F8-4E39-8721-6503E9F2F571}.Debug|x64.Build.0 = Debug|Any CPU
		{C7B0DA56-D9F8-4E39-8721-6503E9F2F571}.Debug|x86.ActiveCfg = Debug|Any CPU
		{C7B0DA56-D9F8-4E39-8721-6503E9F2F571}.Debug|x86.Build.0 = Debug|Any CPU
		{C7B0DA56-D9F8-4E39-8721-6503E9F2F571}.Release|Any CPU.ActiveCfg = Release|Any CPU
		{C7B0DA56-D9F8-4E39-8721-6503E9F2F571}.Release|Any CPU.Build.0 = Release|Any CPU
		{C7B0DA56-D9F8-4E39-8721-6503E9F2F571}.Release|ARM.ActiveCfg = Release|Any CPU
		{C7B0DA56-D9F8-4E39-8721-6503E9F2F571}.Release|ARM.Build.0 = Release|Any CPU
		{C7B0DA56-D9F8-4E39-8721-6503E9F2F571}.Release|ARM64.ActiveCfg = Release|Any CPU
		{C7B0DA56-D9F8-4E39-8721-6503E9F2F571}.Release|ARM64.Build.0 = Release|Any CPU
		{C7B0DA56-D9F8-4E39-8721-6503E9F2F571}.Release|x64.ActiveCfg = Release|Any CPU
		{C7B0DA56-D9F8-4E39-8721-6503E9F2F571}.Release|x64.Build.0 = Release|Any CPU
		{C7B0DA56-D9F8-4E39-8721-6503E9F2F571}.Release|x86.ActiveCfg = Release|Any CPU
		{C7B0DA56-D9F8-4E39-8721-6503E9F2F571}.Release|x86.Build.0 = Release|Any CPU
	EndGlobalSection
	GlobalSection(SolutionProperties) = preSolution
		HideSolutionNode = FALSE
	EndGlobalSection
	GlobalSection(ExtensibilityGlobals) = postSolution
		SolutionGuid = {478C90E5-4B14-4340-A5FF-1283A26BE8DE}
	EndGlobalSection
EndGlobal
